// !$*UTF8*$!
{
	archiveVersion = 1;
	classes = {
	};
	objectVersion = 50;
	objects = {

/* Begin PBXBuildFile section */
		E7449EB02661D8D7001FCAA2 /* AppDelegate.swift in Sources */ = {isa = PBXBuildFile; fileRef = E7449EAF2661D8D7001FCAA2 /* AppDelegate.swift */; };
		E7449EB22661D8D7001FCAA2 /* SceneDelegate.swift in Sources */ = {isa = PBXBuildFile; fileRef = E7449EB12661D8D7001FCAA2 /* SceneDelegate.swift */; };
		E7449EB42661D8D7001FCAA2 /* ViewController.swift in Sources */ = {isa = PBXBuildFile; fileRef = E7449EB32661D8D7001FCAA2 /* ViewController.swift */; };
		E7449EB72661D8D7001FCAA2 /* Main.storyboard in Resources */ = {isa = PBXBuildFile; fileRef = E7449EB52661D8D7001FCAA2 /* Main.storyboard */; };
		E7449EB92661D8D9001FCAA2 /* Assets.xcassets in Resources */ = {isa = PBXBuildFile; fileRef = E7449EB82661D8D9001FCAA2 /* Assets.xcassets */; };
		E7449EBC2661D8D9001FCAA2 /* LaunchScreen.storyboard in Resources */ = {isa = PBXBuildFile; fileRef = E7449EBA2661D8D9001FCAA2 /* LaunchScreen.storyboard */; };
		E7449EC72661D8D9001FCAA2 /* TheMovieTests.swift in Sources */ = {isa = PBXBuildFile; fileRef = E7449EC62661D8D9001FCAA2 /* TheMovieTests.swift */; };
		E7449ED22661D8D9001FCAA2 /* TheMovieUITests.swift in Sources */ = {isa = PBXBuildFile; fileRef = E7449ED12661D8D9001FCAA2 /* TheMovieUITests.swift */; };
/* End PBXBuildFile section */

/* Begin PBXContainerItemProxy section */
		E7449EC32661D8D9001FCAA2 /* PBXContainerItemProxy */ = {
			isa = PBXContainerItemProxy;
			containerPortal = E7449EA42661D8D6001FCAA2 /* Project object */;
			proxyType = 1;
			remoteGlobalIDString = E7449EAB2661D8D6001FCAA2;
			remoteInfo = TheMovie;
		};
		E7449ECE2661D8D9001FCAA2 /* PBXContainerItemProxy */ = {
			isa = PBXContainerItemProxy;
			containerPortal = E7449EA42661D8D6001FCAA2 /* Project object */;
			proxyType = 1;
			remoteGlobalIDString = E7449EAB2661D8D6001FCAA2;
			remoteInfo = TheMovie;
		};
/* End PBXContainerItemProxy section */

/* Begin PBXFileReference section */
		E7449EAC2661D8D7001FCAA2 /* TheMovie.app */ = {isa = PBXFileReference; explicitFileType = wrapper.application; includeInIndex = 0; path = TheMovie.app; sourceTree = BUILT_PRODUCTS_DIR; };
		E7449EAF2661D8D7001FCAA2 /* AppDelegate.swift */ = {isa = PBXFileReference; lastKnownFileType = sourcecode.swift; path = AppDelegate.swift; sourceTree = "<group>"; };
		E7449EB12661D8D7001FCAA2 /* SceneDelegate.swift */ = {isa = PBXFileReference; lastKnownFileType = sourcecode.swift; path = SceneDelegate.swift; sourceTree = "<group>"; };
		E7449EB32661D8D7001FCAA2 /* ViewController.swift */ = {isa = PBXFileReference; lastKnownFileType = sourcecode.swift; path = ViewController.swift; sourceTree = "<group>"; };
		E7449EB62661D8D7001FCAA2 /* Base */ = {isa = PBXFileReference; lastKnownFileType = file.storyboard; name = Base; path = Base.lproj/Main.storyboard; sourceTree = "<group>"; };
		E7449EB82661D8D9001FCAA2 /* Assets.xcassets */ = {isa = PBXFileReference; lastKnownFileType = folder.assetcatalog; path = Assets.xcassets; sourceTree = "<group>"; };
		E7449EBB2661D8D9001FCAA2 /* Base */ = {isa = PBXFileReference; lastKnownFileType = file.storyboard; name = Base; path = Base.lproj/LaunchScreen.storyboard; sourceTree = "<group>"; };
		E7449EBD2661D8D9001FCAA2 /* Info.plist */ = {isa = PBXFileReference; lastKnownFileType = text.plist.xml; path = Info.plist; sourceTree = "<group>"; };
		E7449EC22661D8D9001FCAA2 /* TheMovieTests.xctest */ = {isa = PBXFileReference; explicitFileType = wrapper.cfbundle; includeInIndex = 0; path = TheMovieTests.xctest; sourceTree = BUILT_PRODUCTS_DIR; };
		E7449EC62661D8D9001FCAA2 /* TheMovieTests.swift */ = {isa = PBXFileReference; lastKnownFileType = sourcecode.swift; path = TheMovieTests.swift; sourceTree = "<group>"; };
		E7449EC82661D8D9001FCAA2 /* Info.plist */ = {isa = PBXFileReference; lastKnownFileType = text.plist.xml; path = Info.plist; sourceTree = "<group>"; };
		E7449ECD2661D8D9001FCAA2 /* TheMovieUITests.xctest */ = {isa = PBXFileReference; explicitFileType = wrapper.cfbundle; includeInIndex = 0; path = TheMovieUITests.xctest; sourceTree = BUILT_PRODUCTS_DIR; };
		E7449ED12661D8D9001FCAA2 /* TheMovieUITests.swift */ = {isa = PBXFileReference; lastKnownFileType = sourcecode.swift; path = TheMovieUITests.swift; sourceTree = "<group>"; };
		E7449ED32661D8D9001FCAA2 /* Info.plist */ = {isa = PBXFileReference; lastKnownFileType = text.plist.xml; path = Info.plist; sourceTree = "<group>"; };
/* End PBXFileReference section */

/* Begin PBXFrameworksBuildPhase section */
		E7449EA92661D8D6001FCAA2 /* Frameworks */ = {
			isa = PBXFrameworksBuildPhase;
			buildActionMask = 2147483647;
			files = (
			);
			runOnlyForDeploymentPostprocessing = 0;
		};
		E7449EBF2661D8D9001FCAA2 /* Frameworks */ = {
			isa = PBXFrameworksBuildPhase;
			buildActionMask = 2147483647;
			files = (
			);
			runOnlyForDeploymentPostprocessing = 0;
		};
		E7449ECA2661D8D9001FCAA2 /* Frameworks */ = {
			isa = PBXFrameworksBuildPhase;
			buildActionMask = 2147483647;
			files = (
			);
			runOnlyForDeploymentPostprocessing = 0;
		};
/* End PBXFrameworksBuildPhase section */

/* Begin PBXGroup section */
		E7449EA32661D8D6001FCAA2 = {
			isa = PBXGroup;
			children = (
				E7449EAE2661D8D7001FCAA2 /* TheMovie */,
				E7449EC52661D8D9001FCAA2 /* TheMovieTests */,
				E7449ED02661D8D9001FCAA2 /* TheMovieUITests */,
				E7449EAD2661D8D7001FCAA2 /* Products */,
			);
			sourceTree = "<group>";
		};
		E7449EAD2661D8D7001FCAA2 /* Products */ = {
			isa = PBXGroup;
			children = (
				E7449EAC2661D8D7001FCAA2 /* TheMovie.app */,
				E7449EC22661D8D9001FCAA2 /* TheMovieTests.xctest */,
				E7449ECD2661D8D9001FCAA2 /* TheMovieUITests.xctest */,
			);
			name = Products;
			sourceTree = "<group>";
		};
		E7449EAE2661D8D7001FCAA2 /* TheMovie */ = {
			isa = PBXGroup;
			children = (
				E7449EAF2661D8D7001FCAA2 /* AppDelegate.swift */,
				E7449EB12661D8D7001FCAA2 /* SceneDelegate.swift */,
				E7449EB32661D8D7001FCAA2 /* ViewController.swift */,
				E7449EB52661D8D7001FCAA2 /* Main.storyboard */,
				E7449EB82661D8D9001FCAA2 /* Assets.xcassets */,
				E7449EBA2661D8D9001FCAA2 /* LaunchScreen.storyboard */,
				E7449EBD2661D8D9001FCAA2 /* Info.plist */,
			);
			path = TheMovie;
			sourceTree = "<group>";
		};
		E7449EC52661D8D9001FCAA2 /* TheMovieTests */ = {
			isa = PBXGroup;
			children = (
				E7449EC62661D8D9001FCAA2 /* TheMovieTests.swift */,
				E7449EC82661D8D9001FCAA2 /* Info.plist */,
			);
			path = TheMovieTests;
			sourceTree = "<group>";
		};
		E7449ED02661D8D9001FCAA2 /* TheMovieUITests */ = {
			isa = PBXGroup;
			children = (
				E7449ED12661D8D9001FCAA2 /* TheMovieUITests.swift */,
				E7449ED32661D8D9001FCAA2 /* Info.plist */,
			);
			path = TheMovieUITests;
			sourceTree = "<group>";
		};
/* End PBXGroup section */

/* Begin PBXNativeTarget section */
		E7449EAB2661D8D6001FCAA2 /* TheMovie */ = {
			isa = PBXNativeTarget;
			buildConfigurationList = E7449ED62661D8D9001FCAA2 /* Build configuration list for PBXNativeTarget "TheMovie" */;
			buildPhases = (
				E7449EA82661D8D6001FCAA2 /* Sources */,
				E7449EA92661D8D6001FCAA2 /* Frameworks */,
				E7449EAA2661D8D6001FCAA2 /* Resources */,
			);
			buildRules = (
			);
			dependencies = (
			);
			name = TheMovie;
			productName = TheMovie;
			productReference = E7449EAC2661D8D7001FCAA2 /* TheMovie.app */;
			productType = "com.apple.product-type.application";
		};
		E7449EC12661D8D9001FCAA2 /* TheMovieTests */ = {
			isa = PBXNativeTarget;
			buildConfigurationList = E7449ED92661D8D9001FCAA2 /* Build configuration list for PBXNativeTarget "TheMovieTests" */;
			buildPhases = (
				E7449EBE2661D8D9001FCAA2 /* Sources */,
				E7449EBF2661D8D9001FCAA2 /* Frameworks */,
				E7449EC02661D8D9001FCAA2 /* Resources */,
			);
			buildRules = (
			);
			dependencies = (
				E7449EC42661D8D9001FCAA2 /* PBXTargetDependency */,
			);
			name = TheMovieTests;
			productName = TheMovieTests;
			productReference = E7449EC22661D8D9001FCAA2 /* TheMovieTests.xctest */;
			productType = "com.apple.product-type.bundle.unit-test";
		};
		E7449ECC2661D8D9001FCAA2 /* TheMovieUITests */ = {
			isa = PBXNativeTarget;
			buildConfigurationList = E7449EDC2661D8D9001FCAA2 /* Build configuration list for PBXNativeTarget "TheMovieUITests" */;
			buildPhases = (
				E7449EC92661D8D9001FCAA2 /* Sources */,
				E7449ECA2661D8D9001FCAA2 /* Frameworks */,
				E7449ECB2661D8D9001FCAA2 /* Resources */,
			);
			buildRules = (
			);
			dependencies = (
				E7449ECF2661D8D9001FCAA2 /* PBXTargetDependency */,
			);
			name = TheMovieUITests;
			productName = TheMovieUITests;
			productReference = E7449ECD2661D8D9001FCAA2 /* TheMovieUITests.xctest */;
			productType = "com.apple.product-type.bundle.ui-testing";
		};
/* End PBXNativeTarget section */

/* Begin PBXProject section */
		E7449EA42661D8D6001FCAA2 /* Project object */ = {
			isa = PBXProject;
			attributes = {
				LastSwiftUpdateCheck = 1240;
				LastUpgradeCheck = 1240;
				TargetAttributes = {
					E7449EAB2661D8D6001FCAA2 = {
						CreatedOnToolsVersion = 12.4;
					};
					E7449EC12661D8D9001FCAA2 = {
						CreatedOnToolsVersion = 12.4;
						TestTargetID = E7449EAB2661D8D6001FCAA2;
					};
					E7449ECC2661D8D9001FCAA2 = {
						CreatedOnToolsVersion = 12.4;
						TestTargetID = E7449EAB2661D8D6001FCAA2;
					};
				};
			};
			buildConfigurationList = E7449EA72661D8D6001FCAA2 /* Build configuration list for PBXProject "TheMovie" */;
			compatibilityVersion = "Xcode 9.3";
			developmentRegion = en;
			hasScannedForEncodings = 0;
			knownRegions = (
				en,
				Base,
			);
			mainGroup = E7449EA32661D8D6001FCAA2;
			productRefGroup = E7449EAD2661D8D7001FCAA2 /* Products */;
			projectDirPath = "";
			projectRoot = "";
			targets = (
				E7449EAB2661D8D6001FCAA2 /* TheMovie */,
				E7449EC12661D8D9001FCAA2 /* TheMovieTests */,
				E7449ECC2661D8D9001FCAA2 /* TheMovieUITests */,
			);
		};
/* End PBXProject section */

/* Begin PBXResourcesBuildPhase section */
		E7449EAA2661D8D6001FCAA2 /* Resources */ = {
			isa = PBXResourcesBuildPhase;
			buildActionMask = 2147483647;
			files = (
				E7449EBC2661D8D9001FCAA2 /* LaunchScreen.storyboard in Resources */,
				E7449EB92661D8D9001FCAA2 /* Assets.xcassets in Resources */,
				E7449EB72661D8D7001FCAA2 /* Main.storyboard in Resources */,
			);
			runOnlyForDeploymentPostprocessing = 0;
		};
		E7449EC02661D8D9001FCAA2 /* Resources */ = {
			isa = PBXResourcesBuildPhase;
			buildActionMask = 2147483647;
			files = (
			);
			runOnlyForDeploymentPostprocessing = 0;
		};
		E7449ECB2661D8D9001FCAA2 /* Resources */ = {
			isa = PBXResourcesBuildPhase;
			buildActionMask = 2147483647;
			files = (
			);
			runOnlyForDeploymentPostprocessing = 0;
		};
/* End PBXResourcesBuildPhase section */

/* Begin PBXSourcesBuildPhase section */
		E7449EA82661D8D6001FCAA2 /* Sources */ = {
			isa = PBXSourcesBuildPhase;
			buildActionMask = 2147483647;
			files = (
				E7449EB42661D8D7001FCAA2 /* ViewController.swift in Sources */,
				E7449EB02661D8D7001FCAA2 /* AppDelegate.swift in Sources */,
				E7449EB22661D8D7001FCAA2 /* SceneDelegate.swift in Sources */,
			);
			runOnlyForDeploymentPostprocessing = 0;
		};
		E7449EBE2661D8D9001FCAA2 /* Sources */ = {
			isa = PBXSourcesBuildPhase;
			buildActionMask = 2147483647;
			files = (
				E7449EC72661D8D9001FCAA2 /* TheMovieTests.swift in Sources */,
			);
			runOnlyForDeploymentPostprocessing = 0;
		};
		E7449EC92661D8D9001FCAA2 /* Sources */ = {
			isa = PBXSourcesBuildPhase;
			buildActionMask = 2147483647;
			files = (
				E7449ED22661D8D9001FCAA2 /* TheMovieUITests.swift in Sources */,
			);
			runOnlyForDeploymentPostprocessing = 0;
		};
/* End PBXSourcesBuildPhase section */

/* Begin PBXTargetDependency section */
		E7449EC42661D8D9001FCAA2 /* PBXTargetDependency */ = {
			isa = PBXTargetDependency;
			target = E7449EAB2661D8D6001FCAA2 /* TheMovie */;
			targetProxy = E7449EC32661D8D9001FCAA2 /* PBXContainerItemProxy */;
		};
		E7449ECF2661D8D9001FCAA2 /* PBXTargetDependency */ = {
			isa = PBXTargetDependency;
			target = E7449EAB2661D8D6001FCAA2 /* TheMovie */;
			targetProxy = E7449ECE2661D8D9001FCAA2 /* PBXContainerItemProxy */;
		};
/* End PBXTargetDependency section */

/* Begin PBXVariantGroup section */
		E7449EB52661D8D7001FCAA2 /* Main.storyboard */ = {
			isa = PBXVariantGroup;
			children = (
				E7449EB62661D8D7001FCAA2 /* Base */,
			);
			name = Main.storyboard;
			sourceTree = "<group>";
		};
		E7449EBA2661D8D9001FCAA2 /* LaunchScreen.storyboard */ = {
			isa = PBXVariantGroup;
			children = (
				E7449EBB2661D8D9001FCAA2 /* Base */,
			);
			name = LaunchScreen.storyboard;
			sourceTree = "<group>";
		};
/* End PBXVariantGroup section */

/* Begin XCBuildConfiguration section */
		E7449ED42661D8D9001FCAA2 /* Debug */ = {
			isa = XCBuildConfiguration;
			buildSettings = {
				ALWAYS_SEARCH_USER_PATHS = NO;
				CLANG_ANALYZER_NONNULL = YES;
				CLANG_ANALYZER_NUMBER_OBJECT_CONVERSION = YES_AGGRESSIVE;
				CLANG_CXX_LANGUAGE_STANDARD = "gnu++14";
				CLANG_CXX_LIBRARY = "libc++";
				CLANG_ENABLE_MODULES = YES;
				CLANG_ENABLE_OBJC_ARC = YES;
				CLANG_ENABLE_OBJC_WEAK = YES;
				CLANG_WARN_BLOCK_CAPTURE_AUTORELEASING = YES;
				CLANG_WARN_BOOL_CONVERSION = YES;
				CLANG_WARN_COMMA = YES;
				CLANG_WARN_CONSTANT_CONVERSION = YES;
				CLANG_WARN_DEPRECATED_OBJC_IMPLEMENTATIONS = YES;
				CLANG_WARN_DIRECT_OBJC_ISA_USAGE = YES_ERROR;
				CLANG_WARN_DOCUMENTATION_COMMENTS = YES;
				CLANG_WARN_EMPTY_BODY = YES;
				CLANG_WARN_ENUM_CONVERSION = YES;
				CLANG_WARN_INFINITE_RECURSION = YES;
				CLANG_WARN_INT_CONVERSION = YES;
				CLANG_WARN_NON_LITERAL_NULL_CONVERSION = YES;
				CLANG_WARN_OBJC_IMPLICIT_RETAIN_SELF = YES;
				CLANG_WARN_OBJC_LITERAL_CONVERSION = YES;
				CLANG_WARN_OBJC_ROOT_CLASS = YES_ERROR;
				CLANG_WARN_QUOTED_INCLUDE_IN_FRAMEWORK_HEADER = YES;
				CLANG_WARN_RANGE_LOOP_ANALYSIS = YES;
				CLANG_WARN_STRICT_PROTOTYPES = YES;
				CLANG_WARN_SUSPICIOUS_MOVE = YES;
				CLANG_WARN_UNGUARDED_AVAILABILITY = YES_AGGRESSIVE;
				CLANG_WARN_UNREACHABLE_CODE = YES;
				CLANG_WARN__DUPLICATE_METHOD_MATCH = YES;
				COPY_PHASE_STRIP = NO;
				DEBUG_INFORMATION_FORMAT = dwarf;
				ENABLE_STRICT_OBJC_MSGSEND = YES;
				ENABLE_TESTABILITY = YES;
				GCC_C_LANGUAGE_STANDARD = gnu11;
				GCC_DYNAMIC_NO_PIC = NO;
				GCC_NO_COMMON_BLOCKS = YES;
				GCC_OPTIMIZATION_LEVEL = 0;
				GCC_PREPROCESSOR_DEFINITIONS = (
					"DEBUG=1",
					"$(inherited)",
				);
				GCC_WARN_64_TO_32_BIT_CONVERSION = YES;
				GCC_WARN_ABOUT_RETURN_TYPE = YES_ERROR;
				GCC_WARN_UNDECLARED_SELECTOR = YES;
				GCC_WARN_UNINITIALIZED_AUTOS = YES_AGGRESSIVE;
				GCC_WARN_UNUSED_FUNCTION = YES;
				GCC_WARN_UNUSED_VARIABLE = YES;
				IPHONEOS_DEPLOYMENT_TARGET = 14.4;
				MTL_ENABLE_DEBUG_INFO = INCLUDE_SOURCE;
				MTL_FAST_MATH = YES;
				ONLY_ACTIVE_ARCH = YES;
				SDKROOT = iphoneos;
				SWIFT_ACTIVE_COMPILATION_CONDITIONS = DEBUG;
				SWIFT_OPTIMIZATION_LEVEL = "-Onone";
			};
			name = Debug;
		};
		E7449ED52661D8D9001FCAA2 /* Release */ = {
			isa = XCBuildConfiguration;
			buildSettings = {
				ALWAYS_SEARCH_USER_PATHS = NO;
				CLANG_ANALYZER_NONNULL = YES;
				CLANG_ANALYZER_NUMBER_OBJECT_CONVERSION = YES_AGGRESSIVE;
				CLANG_CXX_LANGUAGE_STANDARD = "gnu++14";
				CLANG_CXX_LIBRARY = "libc++";
				CLANG_ENABLE_MODULES = YES;
				CLANG_ENABLE_OBJC_ARC = YES;
				CLANG_ENABLE_OBJC_WEAK = YES;
				CLANG_WARN_BLOCK_CAPTURE_AUTORELEASING = YES;
				CLANG_WARN_BOOL_CONVERSION = YES;
				CLANG_WARN_COMMA = YES;
				CLANG_WARN_CONSTANT_CONVERSION = YES;
				CLANG_WARN_DEPRECATED_OBJC_IMPLEMENTATIONS = YES;
				CLANG_WARN_DIRECT_OBJC_ISA_USAGE = YES_ERROR;
				CLANG_WARN_DOCUMENTATION_COMMENTS = YES;
				CLANG_WARN_EMPTY_BODY = YES;
				CLANG_WARN_ENUM_CONVERSION = YES;
				CLANG_WARN_INFINITE_RECURSION = YES;
				CLANG_WARN_INT_CONVERSION = YES;
				CLANG_WARN_NON_LITERAL_NULL_CONVERSION = YES;
				CLANG_WARN_OBJC_IMPLICIT_RETAIN_SELF = YES;
				CLANG_WARN_OBJC_LITERAL_CONVERSION = YES;
				CLANG_WARN_OBJC_ROOT_CLASS = YES_ERROR;
				CLANG_WARN_QUOTED_INCLUDE_IN_FRAMEWORK_HEADER = YES;
				CLANG_WARN_RANGE_LOOP_ANALYSIS = YES;
				CLANG_WARN_STRICT_PROTOTYPES = YES;
				CLANG_WARN_SUSPICIOUS_MOVE = YES;
				CLANG_WARN_UNGUARDED_AVAILABILITY = YES_AGGRESSIVE;
				CLANG_WARN_UNREACHABLE_CODE = YES;
				CLANG_WARN__DUPLICATE_METHOD_MATCH = YES;
				COPY_PHASE_STRIP = NO;
				DEBUG_INFORMATION_FORMAT = "dwarf-with-dsym";
				ENABLE_NS_ASSERTIONS = NO;
				ENABLE_STRICT_OBJC_MSGSEND = YES;
				GCC_C_LANGUAGE_STANDARD = gnu11;
				GCC_NO_COMMON_BLOCKS = YES;
				GCC_WARN_64_TO_32_BIT_CONVERSION = YES;
				GCC_WARN_ABOUT_RETURN_TYPE = YES_ERROR;
				GCC_WARN_UNDECLARED_SELECTOR = YES;
				GCC_WARN_UNINITIALIZED_AUTOS = YES_AGGRESSIVE;
				GCC_WARN_UNUSED_FUNCTION = YES;
				GCC_WARN_UNUSED_VARIABLE = YES;
				IPHONEOS_DEPLOYMENT_TARGET = 14.4;
				MTL_ENABLE_DEBUG_INFO = NO;
				MTL_FAST_MATH = YES;
				SDKROOT = iphoneos;
				SWIFT_COMPILATION_MODE = wholemodule;
				SWIFT_OPTIMIZATION_LEVEL = "-O";
				VALIDATE_PRODUCT = YES;
			};
			name = Release;
		};
		E7449ED72661D8D9001FCAA2 /* Debug */ = {
			isa = XCBuildConfiguration;
			buildSettings = {
				ASSETCATALOG_COMPILER_APPICON_NAME = AppIcon;
				ASSETCATALOG_COMPILER_GLOBAL_ACCENT_COLOR_NAME = AccentColor;
				CODE_SIGN_STYLE = Automatic;
				INFOPLIST_FILE = TheMovie/Info.plist;
				LD_RUNPATH_SEARCH_PATHS = (
					"$(inherited)",
					"@executable_path/Frameworks",
				);
				PRODUCT_BUNDLE_IDENTIFIER = com.TheMovie;
				PRODUCT_NAME = "$(TARGET_NAME)";
				SWIFT_VERSION = 5.0;
				TARGETED_DEVICE_FAMILY = "1,2";
			};
			name = Debug;
		};
		E7449ED82661D8D9001FCAA2 /* Release */ = {
			isa = XCBuildConfiguration;
			buildSettings = {
				ASSETCATALOG_COMPILER_APPICON_NAME = AppIcon;
				ASSETCATALOG_COMPILER_GLOBAL_ACCENT_COLOR_NAME = AccentColor;
				CODE_SIGN_STYLE = Automatic;
				INFOPLIST_FILE = TheMovie/Info.plist;
				LD_RUNPATH_SEARCH_PATHS = (
					"$(inherited)",
					"@executable_path/Frameworks",
				);
				PRODUCT_BUNDLE_IDENTIFIER = com.TheMovie;
				PRODUCT_NAME = "$(TARGET_NAME)";
				SWIFT_VERSION = 5.0;
				TARGETED_DEVICE_FAMILY = "1,2";
			};
			name = Release;
		};
		E7449EDA2661D8D9001FCAA2 /* Debug */ = {
			isa = XCBuildConfiguration;
			buildSettings = {
				ALWAYS_EMBED_SWIFT_STANDARD_LIBRARIES = YES;
				BUNDLE_LOADER = "$(TEST_HOST)";
				CODE_SIGN_STYLE = Automatic;
				INFOPLIST_FILE = TheMovieTests/Info.plist;
				IPHONEOS_DEPLOYMENT_TARGET = 14.4;
				LD_RUNPATH_SEARCH_PATHS = (
					"$(inherited)",
					"@executable_path/Frameworks",
					"@loader_path/Frameworks",
				);
				PRODUCT_BUNDLE_IDENTIFIER = com.TheMovieTests;
				PRODUCT_NAME = "$(TARGET_NAME)";
				SWIFT_VERSION = 5.0;
				TARGETED_DEVICE_FAMILY = "1,2";
				TEST_HOST = "$(BUILT_PRODUCTS_DIR)/TheMovie.app/TheMovie";
			};
			name = Debug;
		};
		E7449EDB2661D8D9001FCAA2 /* Release */ = {
			isa = XCBuildConfiguration;
			buildSettings = {
				ALWAYS_EMBED_SWIFT_STANDARD_LIBRARIES = YES;
				BUNDLE_LOADER = "$(TEST_HOST)";
				CODE_SIGN_STYLE = Automatic;
				INFOPLIST_FILE = TheMovieTests/Info.plist;
				IPHONEOS_DEPLOYMENT_TARGET = 14.4;
				LD_RUNPATH_SEARCH_PATHS = (
					"$(inherited)",
					"@executable_path/Frameworks",
					"@loader_path/Frameworks",
				);
				PRODUCT_BUNDLE_IDENTIFIER = com.TheMovieTests;
				PRODUCT_NAME = "$(TARGET_NAME)";
				SWIFT_VERSION = 5.0;
				TARGETED_DEVICE_FAMILY = "1,2";
				TEST_HOST = "$(BUILT_PRODUCTS_DIR)/TheMovie.app/TheMovie";
			};
			name = Release;
		};
		E7449EDD2661D8D9001FCAA2 /* Debug */ = {
			isa = XCBuildConfiguration;
			buildSettings = {
				ALWAYS_EMBED_SWIFT_STANDARD_LIBRARIES = YES;
				CODE_SIGN_STYLE = Automatic;
				INFOPLIST_FILE = TheMovieUITests/Info.plist;
				LD_RUNPATH_SEARCH_PATHS = (
					"$(inherited)",
					"@executable_path/Frameworks",
					"@loader_path/Frameworks",
				);
				PRODUCT_BUNDLE_IDENTIFIER = com.TheMovieUITests;
				PRODUCT_NAME = "$(TARGET_NAME)";
				SWIFT_VERSION = 5.0;
				TARGETED_DEVICE_FAMILY = "1,2";
				TEST_TARGET_NAME = TheMovie;
			};
			name = Debug;
		};
		E7449EDE2661D8D9001FCAA2 /* Release */ = {
			isa = XCBuildConfiguration;
			buildSettings = {
				ALWAYS_EMBED_SWIFT_STANDARD_LIBRARIES = YES;
				CODE_SIGN_STYLE = Automatic;
				INFOPLIST_FILE = TheMovieUITests/Info.plist;
				LD_RUNPATH_SEARCH_PATHS = (
					"$(inherited)",
					"@executable_path/Frameworks",
					"@loader_path/Frameworks",
				);
				PRODUCT_BUNDLE_IDENTIFIER = com.TheMovieUITests;
				PRODUCT_NAME = "$(TARGET_NAME)";
				SWIFT_VERSION = 5.0;
				TARGETED_DEVICE_FAMILY = "1,2";
				TEST_TARGET_NAME = TheMovie;
			};
			name = Release;
		};
/* End XCBuildConfiguration section */

/* Begin XCConfigurationList section */
		E7449EA72661D8D6001FCAA2 /* Build configuration list for PBXProject "TheMovie" */ = {
			isa = XCConfigurationList;
			buildConfigurations = (
				E7449ED42661D8D9001FCAA2 /* Debug */,
				E7449ED52661D8D9001FCAA2 /* Release */,
			);
			defaultConfigurationIsVisible = 0;
			defaultConfigurationName = Release;
		};
		E7449ED62661D8D9001FCAA2 /* Build configuration list for PBXNativeTarget "TheMovie" */ = {
			isa = XCConfigurationList;
			buildConfigurations = (
				E7449ED72661D8D9001FCAA2 /* Debug */,
				E7449ED82661D8D9001FCAA2 /* Release */,
			);
			defaultConfigurationIsVisible = 0;
			defaultConfigurationName = Release;
		};
		E7449ED92661D8D9001FCAA2 /* Build configuration list for PBXNativeTarget "TheMovieTests" */ = {
			isa = XCConfigurationList;
			buildConfigurations = (
				E7449EDA2661D8D9001FCAA2 /* Debug */,
				E7449EDB2661D8D9001FCAA2 /* Release */,
			);
			defaultConfigurationIsVisible = 0;
			defaultConfigurationName = Release;
		};
		E7449EDC2661D8D9001FCAA2 /* Build configuration list for PBXNativeTarget "TheMovieUITests" */ = {
			isa = XCConfigurationList;
			buildConfigurations = (
				E7449EDD2661D8D9001FCAA2 /* Debug */,
				E7449EDE2661D8D9001FCAA2 /* Release */,
			);
			defaultConfigurationIsVisible = 0;
			defaultConfigurationName = Release;
		};
/* End XCConfigurationList section */
	};
	rootObject = E7449EA42661D8D6001FCAA2 /* Project object */;
}
